// !$*UTF8*$!
{
	archiveVersion = 1;
	classes = {
	};
	objectVersion = 46;
	objects = {

/* Begin PBXBuildFile section */
		D212598E1F202C8100BE78C6 /* Level.swift in Sources */ = {isa = PBXBuildFile; fileRef = D212598D1F202C8100BE78C6 /* Level.swift */; };
		D21259921F20352C00BE78C6 /* Player.swift in Sources */ = {isa = PBXBuildFile; fileRef = D21259911F20352C00BE78C6 /* Player.swift */; };
		D247D1D41F5DC4CF004500D6 /* WaitingForTap.swift in Sources */ = {isa = PBXBuildFile; fileRef = D247D1D31F5DC4CF004500D6 /* WaitingForTap.swift */; };
		D247D1D61F5DC4D7004500D6 /* Playing.swift in Sources */ = {isa = PBXBuildFile; fileRef = D247D1D51F5DC4D7004500D6 /* Playing.swift */; };
		D247D1D81F5DC4E4004500D6 /* GameOver.swift in Sources */ = {isa = PBXBuildFile; fileRef = D247D1D71F5DC4E4004500D6 /* GameOver.swift */; };
		D27034F71F5F10780028FE74 /* StartScreenScene.swift in Sources */ = {isa = PBXBuildFile; fileRef = D27034F61F5F10780028FE74 /* StartScreenScene.swift */; };
		D29E6C121F25708A003049F7 /* Ball.swift in Sources */ = {isa = PBXBuildFile; fileRef = D29E6C111F25708A003049F7 /* Ball.swift */; };
		D29E6C141F257096003049F7 /* Paddle.swift in Sources */ = {isa = PBXBuildFile; fileRef = D29E6C131F257096003049F7 /* Paddle.swift */; };
		D29E6C161F2570A0003049F7 /* Powerup.swift in Sources */ = {isa = PBXBuildFile; fileRef = D29E6C151F2570A0003049F7 /* Powerup.swift */; };
		D2EA19DD1F1047B50066CFC8 /* AppDelegate.swift in Sources */ = {isa = PBXBuildFile; fileRef = D2EA19DC1F1047B50066CFC8 /* AppDelegate.swift */; };
		D2EA19E21F1047B50066CFC8 /* Main.storyboard in Resources */ = {isa = PBXBuildFile; fileRef = D2EA19E01F1047B50066CFC8 /* Main.storyboard */; };
		D2EA19E41F1047B50066CFC8 /* Assets.xcassets in Resources */ = {isa = PBXBuildFile; fileRef = D2EA19E31F1047B50066CFC8 /* Assets.xcassets */; };
		D2EA19E71F1047B50066CFC8 /* LaunchScreen.storyboard in Resources */ = {isa = PBXBuildFile; fileRef = D2EA19E51F1047B50066CFC8 /* LaunchScreen.storyboard */; };
		D2EA19F61F1050B30066CFC8 /* LevelScene.swift in Sources */ = {isa = PBXBuildFile; fileRef = D2EA19F51F1050B30066CFC8 /* LevelScene.swift */; };
		D2EA19FA1F1052D20066CFC8 /* StartScreenController.swift in Sources */ = {isa = PBXBuildFile; fileRef = D2EA19F91F1052D20066CFC8 /* StartScreenController.swift */; };
/* End PBXBuildFile section */

/* Begin PBXFileReference section */
		D212598D1F202C8100BE78C6 /* Level.swift */ = {isa = PBXFileReference; fileEncoding = 4; lastKnownFileType = sourcecode.swift; path = Level.swift; sourceTree = "<group>"; };
		D21259911F20352C00BE78C6 /* Player.swift */ = {isa = PBXFileReference; fileEncoding = 4; lastKnownFileType = sourcecode.swift; name = Player.swift; path = ../Player.swift; sourceTree = "<group>"; };
		D247D1D31F5DC4CF004500D6 /* WaitingForTap.swift */ = {isa = PBXFileReference; fileEncoding = 4; lastKnownFileType = sourcecode.swift; path = WaitingForTap.swift; sourceTree = "<group>"; };
		D247D1D51F5DC4D7004500D6 /* Playing.swift */ = {isa = PBXFileReference; fileEncoding = 4; lastKnownFileType = sourcecode.swift; path = Playing.swift; sourceTree = "<group>"; };
		D247D1D71F5DC4E4004500D6 /* GameOver.swift */ = {isa = PBXFileReference; fileEncoding = 4; lastKnownFileType = sourcecode.swift; path = GameOver.swift; sourceTree = "<group>"; };
		D27034F61F5F10780028FE74 /* StartScreenScene.swift */ = {isa = PBXFileReference; fileEncoding = 4; lastKnownFileType = sourcecode.swift; path = StartScreenScene.swift; sourceTree = "<group>"; };
		D29E6C111F25708A003049F7 /* Ball.swift */ = {isa = PBXFileReference; fileEncoding = 4; lastKnownFileType = sourcecode.swift; path = Ball.swift; sourceTree = "<group>"; };
		D29E6C131F257096003049F7 /* Paddle.swift */ = {isa = PBXFileReference; fileEncoding = 4; lastKnownFileType = sourcecode.swift; path = Paddle.swift; sourceTree = "<group>"; };
		D29E6C151F2570A0003049F7 /* Powerup.swift */ = {isa = PBXFileReference; fileEncoding = 4; lastKnownFileType = sourcecode.swift; path = Powerup.swift; sourceTree = "<group>"; };
		D2EA19D91F1047B50066CFC8 /* RocketBall.app */ = {isa = PBXFileReference; explicitFileType = wrapper.application; includeInIndex = 0; path = RocketBall.app; sourceTree = BUILT_PRODUCTS_DIR; };
		D2EA19DC1F1047B50066CFC8 /* AppDelegate.swift */ = {isa = PBXFileReference; lastKnownFileType = sourcecode.swift; path = AppDelegate.swift; sourceTree = "<group>"; };
		D2EA19E11F1047B50066CFC8 /* Base */ = {isa = PBXFileReference; lastKnownFileType = file.storyboard; name = Base; path = Base.lproj/Main.storyboard; sourceTree = "<group>"; };
		D2EA19E31F1047B50066CFC8 /* Assets.xcassets */ = {isa = PBXFileReference; lastKnownFileType = folder.assetcatalog; path = Assets.xcassets; sourceTree = "<group>"; };
		D2EA19E61F1047B50066CFC8 /* Base */ = {isa = PBXFileReference; lastKnownFileType = file.storyboard; name = Base; path = Base.lproj/LaunchScreen.storyboard; sourceTree = "<group>"; };
		D2EA19E81F1047B50066CFC8 /* Info.plist */ = {isa = PBXFileReference; lastKnownFileType = text.plist.xml; path = Info.plist; sourceTree = "<group>"; };
		D2EA19F51F1050B30066CFC8 /* LevelScene.swift */ = {isa = PBXFileReference; fileEncoding = 4; lastKnownFileType = sourcecode.swift; path = LevelScene.swift; sourceTree = "<group>"; };
		D2EA19F91F1052D20066CFC8 /* StartScreenController.swift */ = {isa = PBXFileReference; fileEncoding = 4; lastKnownFileType = sourcecode.swift; name = StartScreenController.swift; path = ../StartScreenController.swift; sourceTree = "<group>"; };
/* End PBXFileReference section */

/* Begin PBXFrameworksBuildPhase section */
		D2EA19D61F1047B50066CFC8 /* Frameworks */ = {
			isa = PBXFrameworksBuildPhase;
			buildActionMask = 2147483647;
			files = (
			);
			runOnlyForDeploymentPostprocessing = 0;
		};
/* End PBXFrameworksBuildPhase section */

/* Begin PBXGroup section */
		D247D1D21F5DC4BA004500D6 /* States */ = {
			isa = PBXGroup;
			children = (
				D247D1D31F5DC4CF004500D6 /* WaitingForTap.swift */,
				D247D1D51F5DC4D7004500D6 /* Playing.swift */,
				D247D1D71F5DC4E4004500D6 /* GameOver.swift */,
			);
			name = States;
			sourceTree = "<group>";
		};
		D2EA19D01F1047B50066CFC8 = {
			isa = PBXGroup;
			children = (
				D247D1D21F5DC4BA004500D6 /* States */,
				D2EA19DB1F1047B50066CFC8 /* RocketBall */,
				D2EA19DA1F1047B50066CFC8 /* Products */,
			);
			sourceTree = "<group>";
		};
		D2EA19DA1F1047B50066CFC8 /* Products */ = {
			isa = PBXGroup;
			children = (
				D2EA19D91F1047B50066CFC8 /* RocketBall.app */,
			);
			name = Products;
			sourceTree = "<group>";
		};
		D2EA19DB1F1047B50066CFC8 /* RocketBall */ = {
			isa = PBXGroup;
			children = (
				D27034F61F5F10780028FE74 /* StartScreenScene.swift */,
				D2EA19F51F1050B30066CFC8 /* LevelScene.swift */,
				D212598D1F202C8100BE78C6 /* Level.swift */,
				D21259911F20352C00BE78C6 /* Player.swift */,
				D29E6C111F25708A003049F7 /* Ball.swift */,
				D29E6C151F2570A0003049F7 /* Powerup.swift */,
				D29E6C131F257096003049F7 /* Paddle.swift */,
				D2EA19F91F1052D20066CFC8 /* StartScreenController.swift */,
				D2EA19DC1F1047B50066CFC8 /* AppDelegate.swift */,
				D2EA19E01F1047B50066CFC8 /* Main.storyboard */,
				D2EA19E31F1047B50066CFC8 /* Assets.xcassets */,
				D2EA19E51F1047B50066CFC8 /* LaunchScreen.storyboard */,
				D2EA19E81F1047B50066CFC8 /* Info.plist */,
			);
			path = RocketBall;
			sourceTree = "<group>";
		};
/* End PBXGroup section */

/* Begin PBXNativeTarget section */
		D2EA19D81F1047B50066CFC8 /* RocketBall */ = {
			isa = PBXNativeTarget;
			buildConfigurationList = D2EA19EB1F1047B50066CFC8 /* Build configuration list for PBXNativeTarget "RocketBall" */;
			buildPhases = (
				D2EA19D51F1047B50066CFC8 /* Sources */,
				D2EA19D61F1047B50066CFC8 /* Frameworks */,
				D2EA19D71F1047B50066CFC8 /* Resources */,
			);
			buildRules = (
			);
			dependencies = (
			);
			name = RocketBall;
			productName = RocketBall;
			productReference = D2EA19D91F1047B50066CFC8 /* RocketBall.app */;
			productType = "com.apple.product-type.application";
		};
/* End PBXNativeTarget section */

/* Begin PBXProject section */
		D2EA19D11F1047B50066CFC8 /* Project object */ = {
			isa = PBXProject;
			attributes = {
				LastSwiftUpdateCheck = 0830;
				LastUpgradeCheck = 0830;
				ORGANIZATIONNAME = ScottSandre;
				TargetAttributes = {
					D2EA19D81F1047B50066CFC8 = {
						CreatedOnToolsVersion = 8.3.3;
						DevelopmentTeam = 8EABX2KS59;
						ProvisioningStyle = Automatic;
					};
				};
			};
			buildConfigurationList = D2EA19D41F1047B50066CFC8 /* Build configuration list for PBXProject "RocketBall" */;
			compatibilityVersion = "Xcode 3.2";
			developmentRegion = English;
			hasScannedForEncodings = 0;
			knownRegions = (
				en,
				Base,
			);
			mainGroup = D2EA19D01F1047B50066CFC8;
			productRefGroup = D2EA19DA1F1047B50066CFC8 /* Products */;
			projectDirPath = "";
			projectRoot = "";
			targets = (
				D2EA19D81F1047B50066CFC8 /* RocketBall */,
			);
		};
/* End PBXProject section */

/* Begin PBXResourcesBuildPhase section */
		D2EA19D71F1047B50066CFC8 /* Resources */ = {
			isa = PBXResourcesBuildPhase;
			buildActionMask = 2147483647;
			files = (
				D2EA19E71F1047B50066CFC8 /* LaunchScreen.storyboard in Resources */,
				D2EA19E41F1047B50066CFC8 /* Assets.xcassets in Resources */,
				D2EA19E21F1047B50066CFC8 /* Main.storyboard in Resources */,
			);
			runOnlyForDeploymentPostprocessing = 0;
		};
/* End PBXResourcesBuildPhase section */

/* Begin PBXSourcesBuildPhase section */
		D2EA19D51F1047B50066CFC8 /* Sources */ = {
			isa = PBXSourcesBuildPhase;
			buildActionMask = 2147483647;
			files = (
				D29E6C141F257096003049F7 /* Paddle.swift in Sources */,
				D2EA19DD1F1047B50066CFC8 /* AppDelegate.swift in Sources */,
				D247D1D81F5DC4E4004500D6 /* GameOver.swift in Sources */,
				D247D1D61F5DC4D7004500D6 /* Playing.swift in Sources */,
				D27034F71F5F10780028FE74 /* StartScreenScene.swift in Sources */,
				D2EA19FA1F1052D20066CFC8 /* StartScreenController.swift in Sources */,
				D212598E1F202C8100BE78C6 /* Level.swift in Sources */,
				D247D1D41F5DC4CF004500D6 /* WaitingForTap.swift in Sources */,
				D29E6C161F2570A0003049F7 /* Powerup.swift in Sources */,
				D21259921F20352C00BE78C6 /* Player.swift in Sources */,
				D29E6C121F25708A003049F7 /* Ball.swift in Sources */,
				D2EA19F61F1050B30066CFC8 /* LevelScene.swift in Sources */,
			);
			runOnlyForDeploymentPostprocessing = 0;
		};
/* End PBXSourcesBuildPhase section */

/* Begin PBXVariantGroup section */
		D2EA19E01F1047B50066CFC8 /* Main.storyboard */ = {
			isa = PBXVariantGroup;
			children = (
				D2EA19E11F1047B50066CFC8 /* Base */,
			);
			name = Main.storyboard;
			sourceTree = "<group>";
		};
		D2EA19E51F1047B50066CFC8 /* LaunchScreen.storyboard */ = {
			isa = PBXVariantGroup;
			children = (
				D2EA19E61F1047B50066CFC8 /* Base */,
			);
			name = LaunchScreen.storyboard;
			sourceTree = "<group>";
		};
/* End PBXVariantGroup section */

/* Begin XCBuildConfiguration section */
		D2EA19E91F1047B50066CFC8 /* Debug */ = {
			isa = XCBuildConfiguration;
			buildSettings = {
				ALWAYS_SEARCH_USER_PATHS = NO;
				CLANG_ANALYZER_NONNULL = YES;
				CLANG_ANALYZER_NUMBER_OBJECT_CONVERSION = YES_AGGRESSIVE;
				CLANG_CXX_LANGUAGE_STANDARD = "gnu++0x";
				CLANG_CXX_LIBRARY = "libc++";
				CLANG_ENABLE_MODULES = YES;
				CLANG_ENABLE_OBJC_ARC = YES;
				CLANG_WARN_BOOL_CONVERSION = YES;
				CLANG_WARN_CONSTANT_CONVERSION = YES;
				CLANG_WARN_DIRECT_OBJC_ISA_USAGE = YES_ERROR;
				CLANG_WARN_DOCUMENTATION_COMMENTS = YES;
				CLANG_WARN_EMPTY_BODY = YES;
				CLANG_WARN_ENUM_CONVERSION = YES;
				CLANG_WARN_INFINITE_RECURSION = YES;
				CLANG_WARN_INT_CONVERSION = YES;
				CLANG_WARN_OBJC_ROOT_CLASS = YES_ERROR;
				CLANG_WARN_SUSPICIOUS_MOVE = YES;
				CLANG_WARN_UNREACHABLE_CODE = YES;
				CLANG_WARN__DUPLICATE_METHOD_MATCH = YES;
				"CODE_SIGN_IDENTITY[sdk=iphoneos*]" = "iPhone Developer";
				COPY_PHASE_STRIP = NO;
				DEBUG_INFORMATION_FORMAT = dwarf;
				ENABLE_STRICT_OBJC_MSGSEND = YES;
				ENABLE_TESTABILITY = YES;
				GCC_C_LANGUAGE_STANDARD = gnu99;
				GCC_DYNAMIC_NO_PIC = NO;
				GCC_NO_COMMON_BLOCKS = YES;
				GCC_OPTIMIZATION_LEVEL = 0;
				GCC_PREPROCESSOR_DEFINITIONS = (
					"DEBUG=1",
					"$(inherited)",
				);
				GCC_WARN_64_TO_32_BIT_CONVERSION = YES;
				GCC_WARN_ABOUT_RETURN_TYPE = YES_ERROR;
				GCC_WARN_UNDECLARED_SELECTOR = YES;
				GCC_WARN_UNINITIALIZED_AUTOS = YES_AGGRESSIVE;
				GCC_WARN_UNUSED_FUNCTION = YES;
				GCC_WARN_UNUSED_VARIABLE = YES;
				IPHONEOS_DEPLOYMENT_TARGET = 10.3;
				MTL_ENABLE_DEBUG_INFO = YES;
				ONLY_ACTIVE_ARCH = YES;
				SDKROOT = iphoneos;
				SWIFT_ACTIVE_COMPILATION_CONDITIONS = DEBUG;
				SWIFT_OPTIMIZATION_LEVEL = "-Onone";
			};
			name = Debug;
		};
		D2EA19EA1F1047B50066CFC8 /* Release */ = {
			isa = XCBuildConfiguration;
			buildSettings = {
				ALWAYS_SEARCH_USER_PATHS = NO;
				CLANG_ANALYZER_NONNULL = YES;
				CLANG_ANALYZER_NUMBER_OBJECT_CONVERSION = YES_AGGRESSIVE;
				CLANG_CXX_LANGUAGE_STANDARD = "gnu++0x";
				CLANG_CXX_LIBRARY = "libc++";
				CLANG_ENABLE_MODULES = YES;
				CLANG_ENABLE_OBJC_ARC = YES;
				CLANG_WARN_BOOL_CONVERSION = YES;
				CLANG_WARN_CONSTANT_CONVERSION = YES;
				CLANG_WARN_DIRECT_OBJC_ISA_USAGE = YES_ERROR;
				CLANG_WARN_DOCUMENTATION_COMMENTS = YES;
				CLANG_WARN_EMPTY_BODY = YES;
				CLANG_WARN_ENUM_CONVERSION = YES;
				CLANG_WARN_INFINITE_RECURSION = YES;
				CLANG_WARN_INT_CONVERSION = YES;
				CLANG_WARN_OBJC_ROOT_CLASS = YES_ERROR;
				CLANG_WARN_SUSPICIOUS_MOVE = YES;
				CLANG_WARN_UNREACHABLE_CODE = YES;
				CLANG_WARN__DUPLICATE_METHOD_MATCH = YES;
				"CODE_SIGN_IDENTITY[sdk=iphoneos*]" = "iPhone Developer";
				COPY_PHASE_STRIP = NO;
				DEBUG_INFORMATION_FORMAT = "dwarf-with-dsym";
				ENABLE_NS_ASSERTIONS = NO;
				ENABLE_STRICT_OBJC_MSGSEND = YES;
				GCC_C_LANGUAGE_STANDARD = gnu99;
				GCC_NO_COMMON_BLOCKS = YES;
				GCC_WARN_64_TO_32_BIT_CONVERSION = YES;
				GCC_WARN_ABOUT_RETURN_TYPE = YES_ERROR;
				GCC_WARN_UNDECLARED_SELECTOR = YES;
				GCC_WARN_UNINITIALIZED_AUTOS = YES_AGGRESSIVE;
				GCC_WARN_UNUSED_FUNCTION = YES;
				GCC_WARN_UNUSED_VARIABLE = YES;
				IPHONEOS_DEPLOYMENT_TARGET = 10.3;
				MTL_ENABLE_DEBUG_INFO = NO;
				SDKROOT = iphoneos;
				SWIFT_OPTIMIZATION_LEVEL = "-Owholemodule";
				VALIDATE_PRODUCT = YES;
			};
			name = Release;
		};
		D2EA19EC1F1047B50066CFC8 /* Debug */ = {
			isa = XCBuildConfiguration;
			buildSettings = {
				ASSETCATALOG_COMPILER_APPICON_NAME = AppIcon;
				DEVELOPMENT_TEAM = 8EABX2KS59;
				INFOPLIST_FILE = RocketBall/Info.plist;
				LD_RUNPATH_SEARCH_PATHS = "$(inherited) @executable_path/Frameworks";
				PRODUCT_BUNDLE_IDENTIFIER = com.scottsandre.RocketBall;
				PRODUCT_NAME = "$(TARGET_NAME)";
				SWIFT_VERSION = 3.0;
			};
			name = Debug;
		};
		D2EA19ED1F1047B50066CFC8 /* Release */ = {
			isa = XCBuildConfiguration;
			buildSettings = {
				ASSETCATALOG_COMPILER_APPICON_NAME = AppIcon;
				DEVELOPMENT_TEAM = 8EABX2KS59;
				INFOPLIST_FILE = RocketBall/Info.plist;
				LD_RUNPATH_SEARCH_PATHS = "$(inherited) @executable_path/Frameworks";
				PRODUCT_BUNDLE_IDENTIFIER = com.scottsandre.RocketBall;
				PRODUCT_NAME = "$(TARGET_NAME)";
				SWIFT_VERSION = 3.0;
			};
			name = Release;
		};
/* End XCBuildConfiguration section */

/* Begin XCConfigurationList section */
		D2EA19D41F1047B50066CFC8 /* Build configuration list for PBXProject "RocketBall" */ = {
			isa = XCConfigurationList;
			buildConfigurations = (
				D2EA19E91F1047B50066CFC8 /* Debug */,
				D2EA19EA1F1047B50066CFC8 /* Release */,
			);
			defaultConfigurationIsVisible = 0;
			defaultConfigurationName = Release;
		};
		D2EA19EB1F1047B50066CFC8 /* Build configuration list for PBXNativeTarget "RocketBall" */ = {
			isa = XCConfigurationList;
			buildConfigurations = (
				D2EA19EC1F1047B50066CFC8 /* Debug */,
				D2EA19ED1F1047B50066CFC8 /* Release */,
			);
			defaultConfigurationIsVisible = 0;
			defaultConfigurationName = Release;
		};
/* End XCConfigurationList section */
	};
	rootObject = D2EA19D11F1047B50066CFC8 /* Project object */;
}
